
Microsoft Visual Studio Solution File, Format Version 12.00
# Visual Studio Version 16
VisualStudioVersion = 16.0.29911.98
MinimumVisualStudioVersion = 10.0.40219.1
Project("{FAE04EC0-301F-11D3-BF4B-00C04F79EFBC}") = "DotNet5WebApplication", "DotNet5WebApplication\DotNet5WebApplication.csproj", "{9B9CAD4A-EBCE-4EFD-B47B-8B59AE03306A}"
EndProject
Global
	GlobalSection(SolutionConfigurationPlatforms) = preSolution
		Debug|Any CPU = Debug|Any CPU
		Release|Any CPU = Release|Any CPU
	EndGlobalSection
	GlobalSection(ProjectConfigurationPlatforms) = postSolution
		{9B9CAD4A-EBCE-4EFD-B47B-8B59AE03306A}.Debug|Any CPU.ActiveCfg = Debug|Any CPU
		{9B9CAD4A-EBCE-4EFD-B47B-8B59AE03306A}.Debug|Any CPU.Build.0 = Debug|Any CPU
		{9B9CAD4A-EBCE-4EFD-B47B-8B59AE03306A}.Release|Any CPU.ActiveCfg = Release|Any CPU
		{9B9CAD4A-EBCE-4EFD-B47B-8B59AE03306A}.Release|Any CPU.Build.0 = Release|Any CPU
	EndGlobalSection
	GlobalSection(SolutionProperties) = preSolution
		HideSolutionNode = FALSE
	EndGlobalSection
	GlobalSection(ExtensibilityGlobals) = postSolution
		SolutionGuid = {31E69FF4-230A-4D20-BBB1-4714DED39156}
	EndGlobalSection
EndGlobal
